
Microsoft Visual Studio Solution File, Format Version 12.00
# Visual Studio Version 16
VisualStudioVersion = 16.0.29905.134
MinimumVisualStudioVersion = 10.0.40219.1
Project("{888888A0-9F3D-457C-B088-3A5042F75D52}") = "dname3d", "dname3d\dname3d.pyproj", "{6C3E662F-4FCC-43D3-9956-AC6D8B17CCFC}"
EndProject
Global
	GlobalSection(SolutionConfigurationPlatforms) = preSolution
		Debug|Any CPU = Debug|Any CPU
		Release|Any CPU = Release|Any CPU
	EndGlobalSection
	GlobalSection(ProjectConfigurationPlatforms) = postSolution
		{6C3E662F-4FCC-43D3-9956-AC6D8B17CCFC}.Debug|Any CPU.ActiveCfg = Debug|Any CPU
		{6C3E662F-4FCC-43D3-9956-AC6D8B17CCFC}.Release|Any CPU.ActiveCfg = Release|Any CPU
	EndGlobalSection
	GlobalSection(SolutionProperties) = preSolution
		HideSolutionNode = FALSE
	EndGlobalSection
	GlobalSection(ExtensibilityGlobals) = postSolution
		SolutionGuid = {0C518DF8-1137-4B59-8451-BE5541F9439D}
	EndGlobalSection
EndGlobal
